
Microsoft Visual Studio Solution File, Format Version 12.00
# Visual Studio 2013
VisualStudioVersion = 12.0.30723.0
MinimumVisualStudioVersion = 10.0.40219.1
Project("{9092AA53-FB77-4645-B42D-1CCCA6BD08BD}") = "NodeAPIService.API", "NodeAPIService.API\NodeAPIService.API.njsproj", "{ED4B5716-55A7-4A60-B794-9EE1BE7BB137}"
EndProject
Project("{FAE04EC0-301F-11D3-BF4B-00C04F79EFBC}") = "NodeAPIService.MVC", "NodeAPIService.MVC\NodeAPIService.MVC.csproj", "{A6E28381-4EF8-48DC-B1CF-40B4FB4CA2B0}"
EndProject
Global
	GlobalSection(SolutionConfigurationPlatforms) = preSolution
		Debug|Any CPU = Debug|Any CPU
		Release|Any CPU = Release|Any CPU
	EndGlobalSection
	GlobalSection(ProjectConfigurationPlatforms) = postSolution
		{ED4B5716-55A7-4A60-B794-9EE1BE7BB137}.Debug|Any CPU.ActiveCfg = Debug|Any CPU
		{ED4B5716-55A7-4A60-B794-9EE1BE7BB137}.Debug|Any CPU.Build.0 = Debug|Any CPU
		{ED4B5716-55A7-4A60-B794-9EE1BE7BB137}.Release|Any CPU.ActiveCfg = Release|Any CPU
		{ED4B5716-55A7-4A60-B794-9EE1BE7BB137}.Release|Any CPU.Build.0 = Release|Any CPU
		{A6E28381-4EF8-48DC-B1CF-40B4FB4CA2B0}.Debug|Any CPU.ActiveCfg = Debug|Any CPU
		{A6E28381-4EF8-48DC-B1CF-40B4FB4CA2B0}.Debug|Any CPU.Build.0 = Debug|Any CPU
		{A6E28381-4EF8-48DC-B1CF-40B4FB4CA2B0}.Release|Any CPU.ActiveCfg = Release|Any CPU
		{A6E28381-4EF8-48DC-B1CF-40B4FB4CA2B0}.Release|Any CPU.Build.0 = Release|Any CPU
	EndGlobalSection
	GlobalSection(SolutionProperties) = preSolution
		HideSolutionNode = FALSE
	EndGlobalSection
EndGlobal
